
Microsoft Visual Studio Solution File, Format Version 12.00
# Visual Studio Version 17
VisualStudioVersion = 17.2.32516.85
MinimumVisualStudioVersion = 10.0.40219.1
Project("{FAE04EC0-301F-11D3-BF4B-00C04F79EFBC}") = "HasbaraProcessor", "HasbaraProcessor.csproj", "{F45E8274-581E-416B-A189-5B3E59D47576}"
EndProject
Project("{FAE04EC0-301F-11D3-BF4B-00C04F79EFBC}") = "Classificator", "..\Classificator\Classificator.csproj", "{0EA270DD-ED3A-4B8B-86AD-FF8E4DF1813E}"
EndProject
Project("{FAE04EC0-301F-11D3-BF4B-00C04F79EFBC}") = "HasbaraClassificator", "..\HasbaraClassificator\HasbaraClassificator.csproj", "{C6165651-5E07-44C8-9E80-1110BB6A0ABE}"
EndProject
Project("{FAE04EC0-301F-11D3-BF4B-00C04F79EFBC}") = "HasbaraClassificatorGUI", "..\HasbaraClassificatorGUI\HasbaraClassificatorGUI.csproj", "{0FD69C97-E7E5-4575-83FA-2BEE64D58C7F}"
EndProject
Global
	GlobalSection(SolutionConfigurationPlatforms) = preSolution
		Debug|Any CPU = Debug|Any CPU
		Release|Any CPU = Release|Any CPU
	EndGlobalSection
	GlobalSection(ProjectConfigurationPlatforms) = postSolution
		{F45E8274-581E-416B-A189-5B3E59D47576}.Debug|Any CPU.ActiveCfg = Debug|Any CPU
		{F45E8274-581E-416B-A189-5B3E59D47576}.Debug|Any CPU.Build.0 = Debug|Any CPU
		{F45E8274-581E-416B-A189-5B3E59D47576}.Release|Any CPU.ActiveCfg = Release|Any CPU
		{F45E8274-581E-416B-A189-5B3E59D47576}.Release|Any CPU.Build.0 = Release|Any CPU
		{0EA270DD-ED3A-4B8B-86AD-FF8E4DF1813E}.Debug|Any CPU.ActiveCfg = Debug|Any CPU
		{0EA270DD-ED3A-4B8B-86AD-FF8E4DF1813E}.Debug|Any CPU.Build.0 = Debug|Any CPU
		{0EA270DD-ED3A-4B8B-86AD-FF8E4DF1813E}.Release|Any CPU.ActiveCfg = Release|Any CPU
		{0EA270DD-ED3A-4B8B-86AD-FF8E4DF1813E}.Release|Any CPU.Build.0 = Release|Any CPU
		{C6165651-5E07-44C8-9E80-1110BB6A0ABE}.Debug|Any CPU.ActiveCfg = Debug|Any CPU
		{C6165651-5E07-44C8-9E80-1110BB6A0ABE}.Debug|Any CPU.Build.0 = Debug|Any CPU
		{C6165651-5E07-44C8-9E80-1110BB6A0ABE}.Release|Any CPU.ActiveCfg = Release|Any CPU
		{C6165651-5E07-44C8-9E80-1110BB6A0ABE}.Release|Any CPU.Build.0 = Release|Any CPU
		{0FD69C97-E7E5-4575-83FA-2BEE64D58C7F}.Debug|Any CPU.ActiveCfg = Debug|Any CPU
		{0FD69C97-E7E5-4575-83FA-2BEE64D58C7F}.Debug|Any CPU.Build.0 = Debug|Any CPU
		{0FD69C97-E7E5-4575-83FA-2BEE64D58C7F}.Release|Any CPU.ActiveCfg = Release|Any CPU
		{0FD69C97-E7E5-4575-83FA-2BEE64D58C7F}.Release|Any CPU.Build.0 = Release|Any CPU
	EndGlobalSection
	GlobalSection(SolutionProperties) = preSolution
		HideSolutionNode = FALSE
	EndGlobalSection
	GlobalSection(ExtensibilityGlobals) = postSolution
		SolutionGuid = {A67425D0-6233-40D1-900A-EFD7D549EDCA}
	EndGlobalSection
EndGlobal
